
Microsoft Visual Studio Solution File, Format Version 12.00
# Visual Studio 2012
Project("{FAE04EC0-301F-11D3-BF4B-00C04F79EFBC}") = "listview_with_checkbox_XF", "listview_with_checkbox_XF\listview_with_checkbox_XF.csproj", "{0261E172-E87A-4713-AA35-2C53564E214F}"
EndProject
Project("{FAE04EC0-301F-11D3-BF4B-00C04F79EFBC}") = "listview_with_checkbox_XF.iOS", "iOS\listview_with_checkbox_XF.iOS.csproj", "{0D8C72E5-DD90-48F6-85DC-54E8BA9F0F19}"
EndProject
Project("{FAE04EC0-301F-11D3-BF4B-00C04F79EFBC}") = "listview_with_checkbox_XF.Droid", "Droid\listview_with_checkbox_XF.Droid.csproj", "{0C58E04A-F714-4DC7-B993-EED1561A0587}"
EndProject
Project("{FAE04EC0-301F-11D3-BF4B-00C04F79EFBC}") = "listview_with_checkbox_XF.UITests", "UITests\listview_with_checkbox_XF.UITests.csproj", "{BDCEAA96-06E4-4AA3-B5CB-5E1388DA0F58}"
EndProject
Global
	GlobalSection(SolutionConfigurationPlatforms) = preSolution
		Debug|Any CPU = Debug|Any CPU
		Release|Any CPU = Release|Any CPU
		Debug|iPhoneSimulator = Debug|iPhoneSimulator
		Release|iPhone = Release|iPhone
		Release|iPhoneSimulator = Release|iPhoneSimulator
		Debug|iPhone = Debug|iPhone
	EndGlobalSection
	GlobalSection(ProjectConfigurationPlatforms) = postSolution
		{0261E172-E87A-4713-AA35-2C53564E214F}.Debug|Any CPU.ActiveCfg = Debug|Any CPU
		{0261E172-E87A-4713-AA35-2C53564E214F}.Debug|Any CPU.Build.0 = Debug|Any CPU
		{0261E172-E87A-4713-AA35-2C53564E214F}.Debug|iPhone.ActiveCfg = Debug|Any CPU
		{0261E172-E87A-4713-AA35-2C53564E214F}.Debug|iPhone.Build.0 = Debug|Any CPU
		{0261E172-E87A-4713-AA35-2C53564E214F}.Debug|iPhoneSimulator.ActiveCfg = Debug|Any CPU
		{0261E172-E87A-4713-AA35-2C53564E214F}.Debug|iPhoneSimulator.Build.0 = Debug|Any CPU
		{0261E172-E87A-4713-AA35-2C53564E214F}.Release|Any CPU.ActiveCfg = Release|Any CPU
		{0261E172-E87A-4713-AA35-2C53564E214F}.Release|Any CPU.Build.0 = Release|Any CPU
		{0261E172-E87A-4713-AA35-2C53564E214F}.Release|iPhone.ActiveCfg = Release|Any CPU
		{0261E172-E87A-4713-AA35-2C53564E214F}.Release|iPhone.Build.0 = Release|Any CPU
		{0261E172-E87A-4713-AA35-2C53564E214F}.Release|iPhoneSimulator.ActiveCfg = Release|Any CPU
		{0261E172-E87A-4713-AA35-2C53564E214F}.Release|iPhoneSimulator.Build.0 = Release|Any CPU
		{0C58E04A-F714-4DC7-B993-EED1561A0587}.Debug|Any CPU.ActiveCfg = Debug|Any CPU
		{0C58E04A-F714-4DC7-B993-EED1561A0587}.Debug|Any CPU.Build.0 = Debug|Any CPU
		{0C58E04A-F714-4DC7-B993-EED1561A0587}.Debug|iPhone.ActiveCfg = Debug|Any CPU
		{0C58E04A-F714-4DC7-B993-EED1561A0587}.Debug|iPhone.Build.0 = Debug|Any CPU
		{0C58E04A-F714-4DC7-B993-EED1561A0587}.Debug|iPhoneSimulator.ActiveCfg = Debug|Any CPU
		{0C58E04A-F714-4DC7-B993-EED1561A0587}.Debug|iPhoneSimulator.Build.0 = Debug|Any CPU
		{0C58E04A-F714-4DC7-B993-EED1561A0587}.Release|Any CPU.ActiveCfg = Release|Any CPU
		{0C58E04A-F714-4DC7-B993-EED1561A0587}.Release|Any CPU.Build.0 = Release|Any CPU
		{0C58E04A-F714-4DC7-B993-EED1561A0587}.Release|iPhone.ActiveCfg = Release|Any CPU
		{0C58E04A-F714-4DC7-B993-EED1561A0587}.Release|iPhone.Build.0 = Release|Any CPU
		{0C58E04A-F714-4DC7-B993-EED1561A0587}.Release|iPhoneSimulator.ActiveCfg = Release|Any CPU
		{0C58E04A-F714-4DC7-B993-EED1561A0587}.Release|iPhoneSimulator.Build.0 = Release|Any CPU
		{0D8C72E5-DD90-48F6-85DC-54E8BA9F0F19}.Debug|Any CPU.ActiveCfg = Debug|iPhoneSimulator
		{0D8C72E5-DD90-48F6-85DC-54E8BA9F0F19}.Debug|Any CPU.Build.0 = Debug|iPhoneSimulator
		{0D8C72E5-DD90-48F6-85DC-54E8BA9F0F19}.Debug|iPhone.ActiveCfg = Debug|iPhone
		{0D8C72E5-DD90-48F6-85DC-54E8BA9F0F19}.Debug|iPhone.Build.0 = Debug|iPhone
		{0D8C72E5-DD90-48F6-85DC-54E8BA9F0F19}.Debug|iPhoneSimulator.ActiveCfg = Debug|iPhoneSimulator
		{0D8C72E5-DD90-48F6-85DC-54E8BA9F0F19}.Debug|iPhoneSimulator.Build.0 = Debug|iPhoneSimulator
		{0D8C72E5-DD90-48F6-85DC-54E8BA9F0F19}.Release|Any CPU.ActiveCfg = Release|iPhone
		{0D8C72E5-DD90-48F6-85DC-54E8BA9F0F19}.Release|Any CPU.Build.0 = Release|iPhone
		{0D8C72E5-DD90-48F6-85DC-54E8BA9F0F19}.Release|iPhone.ActiveCfg = Release|iPhone
		{0D8C72E5-DD90-48F6-85DC-54E8BA9F0F19}.Release|iPhone.Build.0 = Release|iPhone
		{0D8C72E5-DD90-48F6-85DC-54E8BA9F0F19}.Release|iPhoneSimulator.ActiveCfg = Release|iPhoneSimulator
		{0D8C72E5-DD90-48F6-85DC-54E8BA9F0F19}.Release|iPhoneSimulator.Build.0 = Release|iPhoneSimulator
		{BDCEAA96-06E4-4AA3-B5CB-5E1388DA0F58}.Debug|Any CPU.ActiveCfg = Debug|Any CPU
		{BDCEAA96-06E4-4AA3-B5CB-5E1388DA0F58}.Debug|Any CPU.Build.0 = Debug|Any CPU
		{BDCEAA96-06E4-4AA3-B5CB-5E1388DA0F58}.Debug|iPhone.ActiveCfg = Debug|Any CPU
		{BDCEAA96-06E4-4AA3-B5CB-5E1388DA0F58}.Debug|iPhone.Build.0 = Debug|Any CPU
		{BDCEAA96-06E4-4AA3-B5CB-5E1388DA0F58}.Debug|iPhoneSimulator.ActiveCfg = Debug|Any CPU
		{BDCEAA96-06E4-4AA3-B5CB-5E1388DA0F58}.Debug|iPhoneSimulator.Build.0 = Debug|Any CPU
		{BDCEAA96-06E4-4AA3-B5CB-5E1388DA0F58}.Release|Any CPU.ActiveCfg = Release|Any CPU
		{BDCEAA96-06E4-4AA3-B5CB-5E1388DA0F58}.Release|Any CPU.Build.0 = Release|Any CPU
		{BDCEAA96-06E4-4AA3-B5CB-5E1388DA0F58}.Release|iPhone.ActiveCfg = Release|Any CPU
		{BDCEAA96-06E4-4AA3-B5CB-5E1388DA0F58}.Release|iPhone.Build.0 = Release|Any CPU
		{BDCEAA96-06E4-4AA3-B5CB-5E1388DA0F58}.Release|iPhoneSimulator.ActiveCfg = Release|Any CPU
		{BDCEAA96-06E4-4AA3-B5CB-5E1388DA0F58}.Release|iPhoneSimulator.Build.0 = Release|Any CPU
	EndGlobalSection
EndGlobal
